
Microsoft Visual Studio Solution File, Format Version 12.00
Project("{FAE04EC0-301F-11D3-BF4B-00C04F79EFBC}") = "Unreal.ReplayLib", "Unreal.ReplayLib\Unreal.ReplayLib.csproj", "{2FE1FAF9-F0ED-4F4F-85BA-CE96C7821427}"
EndProject
Project("{FAE04EC0-301F-11D3-BF4B-00C04F79EFBC}") = "FortniteBasicReplayLib", "FortniteBasicReplayLib\FortniteBasicReplayLib.csproj", "{600A939F-A52F-455C-B60F-352074CED96F}"
EndProject
Global
	GlobalSection(SolutionConfigurationPlatforms) = preSolution
		Debug|Any CPU = Debug|Any CPU
		Release|Any CPU = Release|Any CPU
	EndGlobalSection
	GlobalSection(ProjectConfigurationPlatforms) = postSolution
		{2FE1FAF9-F0ED-4F4F-85BA-CE96C7821427}.Debug|Any CPU.ActiveCfg = Debug|Any CPU
		{2FE1FAF9-F0ED-4F4F-85BA-CE96C7821427}.Debug|Any CPU.Build.0 = Debug|Any CPU
		{2FE1FAF9-F0ED-4F4F-85BA-CE96C7821427}.Release|Any CPU.ActiveCfg = Release|Any CPU
		{2FE1FAF9-F0ED-4F4F-85BA-CE96C7821427}.Release|Any CPU.Build.0 = Release|Any CPU
		{600A939F-A52F-455C-B60F-352074CED96F}.Debug|Any CPU.ActiveCfg = Debug|Any CPU
		{600A939F-A52F-455C-B60F-352074CED96F}.Debug|Any CPU.Build.0 = Debug|Any CPU
		{600A939F-A52F-455C-B60F-352074CED96F}.Release|Any CPU.ActiveCfg = Release|Any CPU
		{600A939F-A52F-455C-B60F-352074CED96F}.Release|Any CPU.Build.0 = Release|Any CPU
	EndGlobalSection
EndGlobal
